
Microsoft Visual Studio Solution File, Format Version 12.00
# Visual Studio Version 17
VisualStudioVersion = 17.5.002.0
MinimumVisualStudioVersion = 10.0.40219.1
Project("{2150E333-8FDC-42A3-9474-1A3956D46DE8}") = "Logic", "Logic", "{4ECB5132-BB6D-4161-B860-0EDB00ECB115}"
EndProject
Project("{9A19103F-16F7-4668-BE54-9A1E7A4F7556}") = "TradeJournalManager.Core", "Logic\TradeJournalManager.Core\TradeJournalManager.Core.csproj", "{53D2B162-71ED-4FAF-8555-A5231145C6F9}"
EndProject
Project("{9A19103F-16F7-4668-BE54-9A1E7A4F7556}") = "TradeJournalManager.Domain", "Logic\TradeJournalManager.Domain\TradeJournalManager.Domain.csproj", "{CC5624CE-2C3F-4CB1-8EED-A55995B2CA3C}"
EndProject
Global
	GlobalSection(SolutionConfigurationPlatforms) = preSolution
		Debug|Any CPU = Debug|Any CPU
		Release|Any CPU = Release|Any CPU
	EndGlobalSection
	GlobalSection(ProjectConfigurationPlatforms) = postSolution
		{53D2B162-71ED-4FAF-8555-A5231145C6F9}.Debug|Any CPU.ActiveCfg = Debug|Any CPU
		{53D2B162-71ED-4FAF-8555-A5231145C6F9}.Debug|Any CPU.Build.0 = Debug|Any CPU
		{53D2B162-71ED-4FAF-8555-A5231145C6F9}.Release|Any CPU.ActiveCfg = Release|Any CPU
		{53D2B162-71ED-4FAF-8555-A5231145C6F9}.Release|Any CPU.Build.0 = Release|Any CPU
		{CC5624CE-2C3F-4CB1-8EED-A55995B2CA3C}.Debug|Any CPU.ActiveCfg = Debug|Any CPU
		{CC5624CE-2C3F-4CB1-8EED-A55995B2CA3C}.Debug|Any CPU.Build.0 = Debug|Any CPU
		{CC5624CE-2C3F-4CB1-8EED-A55995B2CA3C}.Release|Any CPU.ActiveCfg = Release|Any CPU
		{CC5624CE-2C3F-4CB1-8EED-A55995B2CA3C}.Release|Any CPU.Build.0 = Release|Any CPU
	EndGlobalSection
	GlobalSection(SolutionProperties) = preSolution
		HideSolutionNode = FALSE
	EndGlobalSection
	GlobalSection(NestedProjects) = preSolution
		{53D2B162-71ED-4FAF-8555-A5231145C6F9} = {4ECB5132-BB6D-4161-B860-0EDB00ECB115}
		{CC5624CE-2C3F-4CB1-8EED-A55995B2CA3C} = {4ECB5132-BB6D-4161-B860-0EDB00ECB115}
	EndGlobalSection
	GlobalSection(ExtensibilityGlobals) = postSolution
		SolutionGuid = {808E9723-E98C-432A-84AF-6444FAE5A235}
	EndGlobalSection
EndGlobal
